
Microsoft Visual Studio Solution File, Format Version 12.00
# Visual Studio Version 17
VisualStudioVersion = 17.1.32328.378
MinimumVisualStudioVersion = 10.0.40219.1
Project("{FAE04EC0-301F-11D3-BF4B-00C04F79EFBC}") = "MobileSalesManagement", "MobileSalesManagement.csproj", "{0EA0833B-397A-46F6-9B81-3EA9C12CA68B}"
EndProject
Global
	GlobalSection(SolutionConfigurationPlatforms) = preSolution
		Debug|Any CPU = Debug|Any CPU
		Release|Any CPU = Release|Any CPU
	EndGlobalSection
	GlobalSection(ProjectConfigurationPlatforms) = postSolution
		{0EA0833B-397A-46F6-9B81-3EA9C12CA68B}.Debug|Any CPU.ActiveCfg = Debug|Any CPU
		{0EA0833B-397A-46F6-9B81-3EA9C12CA68B}.Debug|Any CPU.Build.0 = Debug|Any CPU
		{0EA0833B-397A-46F6-9B81-3EA9C12CA68B}.Release|Any CPU.ActiveCfg = Release|Any CPU
		{0EA0833B-397A-46F6-9B81-3EA9C12CA68B}.Release|Any CPU.Build.0 = Release|Any CPU
	EndGlobalSection
	GlobalSection(SolutionProperties) = preSolution
		HideSolutionNode = FALSE
	EndGlobalSection
	GlobalSection(ExtensibilityGlobals) = postSolution
		SolutionGuid = {DBC7F18C-2625-4C27-A952-5BC82B342A3D}
	EndGlobalSection
EndGlobal
